// !$*UTF8*$!
{
	archiveVersion = 1;
	classes = {
	};
	objectVersion = 50;
	objects = {

/* Begin PBXBuildFile section */
		8CFE22BC212ECFD7004AE4E7 /* AppDelegate.swift in Sources */ = {isa = PBXBuildFile; fileRef = 8CFE22BB212ECFD7004AE4E7 /* AppDelegate.swift */; };
		8CFE22BE212ECFD7004AE4E7 /* ViewController.swift in Sources */ = {isa = PBXBuildFile; fileRef = 8CFE22BD212ECFD7004AE4E7 /* ViewController.swift */; };
		8CFE22C1212ECFD7004AE4E7 /* Main.storyboard in Resources */ = {isa = PBXBuildFile; fileRef = 8CFE22BF212ECFD7004AE4E7 /* Main.storyboard */; };
		8CFE22C3212ECFD8004AE4E7 /* Assets.xcassets in Resources */ = {isa = PBXBuildFile; fileRef = 8CFE22C2212ECFD8004AE4E7 /* Assets.xcassets */; };
		8CFE22C6212ECFD8004AE4E7 /* LaunchScreen.storyboard in Resources */ = {isa = PBXBuildFile; fileRef = 8CFE22C4212ECFD8004AE4E7 /* LaunchScreen.storyboard */; };
		8CFE22D1212ECFD8004AE4E7 /* TestAppTests.swift in Sources */ = {isa = PBXBuildFile; fileRef = 8CFE22D0212ECFD8004AE4E7 /* TestAppTests.swift */; };
		8CFE22DC212ECFD8004AE4E7 /* TestAppUITests.swift in Sources */ = {isa = PBXBuildFile; fileRef = 8CFE22DB212ECFD8004AE4E7 /* TestAppUITests.swift */; };
/* End PBXBuildFile section */

/* Begin PBXContainerItemProxy section */
		8CFE22CD212ECFD8004AE4E7 /* PBXContainerItemProxy */ = {
			isa = PBXContainerItemProxy;
			containerPortal = 8CFE22B0212ECFD7004AE4E7 /* Project object */;
			proxyType = 1;
			remoteGlobalIDString = 8CFE22B7212ECFD7004AE4E7;
			remoteInfo = TestApp;
		};
		8CFE22D8212ECFD8004AE4E7 /* PBXContainerItemProxy */ = {
			isa = PBXContainerItemProxy;
			containerPortal = 8CFE22B0212ECFD7004AE4E7 /* Project object */;
			proxyType = 1;
			remoteGlobalIDString = 8CFE22B7212ECFD7004AE4E7;
			remoteInfo = TestApp;
		};
/* End PBXContainerItemProxy section */

/* Begin PBXFileReference section */
		8CFE22B8212ECFD7004AE4E7 /* TestApp.app */ = {isa = PBXFileReference; explicitFileType = wrapper.application; includeInIndex = 0; path = TestApp.app; sourceTree = BUILT_PRODUCTS_DIR; };
		8CFE22BB212ECFD7004AE4E7 /* AppDelegate.swift */ = {isa = PBXFileReference; lastKnownFileType = sourcecode.swift; path = AppDelegate.swift; sourceTree = "<group>"; };
		8CFE22BD212ECFD7004AE4E7 /* ViewController.swift */ = {isa = PBXFileReference; lastKnownFileType = sourcecode.swift; path = ViewController.swift; sourceTree = "<group>"; };
		8CFE22C0212ECFD7004AE4E7 /* Base */ = {isa = PBXFileReference; lastKnownFileType = file.storyboard; name = Base; path = Base.lproj/Main.storyboard; sourceTree = "<group>"; };
		8CFE22C2212ECFD8004AE4E7 /* Assets.xcassets */ = {isa = PBXFileReference; lastKnownFileType = folder.assetcatalog; path = Assets.xcassets; sourceTree = "<group>"; };
		8CFE22C5212ECFD8004AE4E7 /* Base */ = {isa = PBXFileReference; lastKnownFileType = file.storyboard; name = Base; path = Base.lproj/LaunchScreen.storyboard; sourceTree = "<group>"; };
		8CFE22C7212ECFD8004AE4E7 /* Info.plist */ = {isa = PBXFileReference; lastKnownFileType = text.plist.xml; path = Info.plist; sourceTree = "<group>"; };
		8CFE22CC212ECFD8004AE4E7 /* TestAppTests.xctest */ = {isa = PBXFileReference; explicitFileType = wrapper.cfbundle; includeInIndex = 0; path = TestAppTests.xctest; sourceTree = BUILT_PRODUCTS_DIR; };
		8CFE22D0212ECFD8004AE4E7 /* TestAppTests.swift */ = {isa = PBXFileReference; lastKnownFileType = sourcecode.swift; path = TestAppTests.swift; sourceTree = "<group>"; };
		8CFE22D2212ECFD8004AE4E7 /* Info.plist */ = {isa = PBXFileReference; lastKnownFileType = text.plist.xml; path = Info.plist; sourceTree = "<group>"; };
		8CFE22D7212ECFD8004AE4E7 /* TestAppUITests.xctest */ = {isa = PBXFileReference; explicitFileType = wrapper.cfbundle; includeInIndex = 0; path = TestAppUITests.xctest; sourceTree = BUILT_PRODUCTS_DIR; };
		8CFE22DB212ECFD8004AE4E7 /* TestAppUITests.swift */ = {isa = PBXFileReference; lastKnownFileType = sourcecode.swift; path = TestAppUITests.swift; sourceTree = "<group>"; };
		8CFE22DD212ECFD8004AE4E7 /* Info.plist */ = {isa = PBXFileReference; lastKnownFileType = text.plist.xml; path = Info.plist; sourceTree = "<group>"; };
/* End PBXFileReference section */

/* Begin PBXFrameworksBuildPhase section */
		8CFE22B5212ECFD7004AE4E7 /* Frameworks */ = {
			isa = PBXFrameworksBuildPhase;
			buildActionMask = 2147483647;
			files = (
			);
			runOnlyForDeploymentPostprocessing = 0;
		};
		8CFE22C9212ECFD8004AE4E7 /* Frameworks */ = {
			isa = PBXFrameworksBuildPhase;
			buildActionMask = 2147483647;
			files = (
			);
			runOnlyForDeploymentPostprocessing = 0;
		};
		8CFE22D4212ECFD8004AE4E7 /* Frameworks */ = {
			isa = PBXFrameworksBuildPhase;
			buildActionMask = 2147483647;
			files = (
			);
			runOnlyForDeploymentPostprocessing = 0;
		};
/* End PBXFrameworksBuildPhase section */

/* Begin PBXGroup section */
		8CFE22AF212ECFD7004AE4E7 = {
			isa = PBXGroup;
			children = (
				8CFE22BA212ECFD7004AE4E7 /* TestApp */,
				8CFE22CF212ECFD8004AE4E7 /* TestAppTests */,
				8CFE22DA212ECFD8004AE4E7 /* TestAppUITests */,
				8CFE22B9212ECFD7004AE4E7 /* Products */,
			);
			sourceTree = "<group>";
		};
		8CFE22B9212ECFD7004AE4E7 /* Products */ = {
			isa = PBXGroup;
			children = (
				8CFE22B8212ECFD7004AE4E7 /* TestApp.app */,
				8CFE22CC212ECFD8004AE4E7 /* TestAppTests.xctest */,
				8CFE22D7212ECFD8004AE4E7 /* TestAppUITests.xctest */,
			);
			name = Products;
			sourceTree = "<group>";
		};
		8CFE22BA212ECFD7004AE4E7 /* TestApp */ = {
			isa = PBXGroup;
			children = (
				8CFE22BB212ECFD7004AE4E7 /* AppDelegate.swift */,
				8CFE22BD212ECFD7004AE4E7 /* ViewController.swift */,
				8CFE22BF212ECFD7004AE4E7 /* Main.storyboard */,
				8CFE22C2212ECFD8004AE4E7 /* Assets.xcassets */,
				8CFE22C4212ECFD8004AE4E7 /* LaunchScreen.storyboard */,
				8CFE22C7212ECFD8004AE4E7 /* Info.plist */,
			);
			path = TestApp;
			sourceTree = "<group>";
		};
		8CFE22CF212ECFD8004AE4E7 /* TestAppTests */ = {
			isa = PBXGroup;
			children = (
				8CFE22D0212ECFD8004AE4E7 /* TestAppTests.swift */,
				8CFE22D2212ECFD8004AE4E7 /* Info.plist */,
			);
			path = TestAppTests;
			sourceTree = "<group>";
		};
		8CFE22DA212ECFD8004AE4E7 /* TestAppUITests */ = {
			isa = PBXGroup;
			children = (
				8CFE22DB212ECFD8004AE4E7 /* TestAppUITests.swift */,
				8CFE22DD212ECFD8004AE4E7 /* Info.plist */,
			);
			path = TestAppUITests;
			sourceTree = "<group>";
		};
/* End PBXGroup section */

/* Begin PBXNativeTarget section */
		8CFE22B7212ECFD7004AE4E7 /* TestApp */ = {
			isa = PBXNativeTarget;
			buildConfigurationList = 8CFE22E0212ECFD8004AE4E7 /* Build configuration list for PBXNativeTarget "TestApp" */;
			buildPhases = (
				8CFE22B4212ECFD7004AE4E7 /* Sources */,
				8CFE22B5212ECFD7004AE4E7 /* Frameworks */,
				8CFE22B6212ECFD7004AE4E7 /* Resources */,
			);
			buildRules = (
			);
			dependencies = (
			);
			name = TestApp;
			productName = TestApp;
			productReference = 8CFE22B8212ECFD7004AE4E7 /* TestApp.app */;
			productType = "com.apple.product-type.application";
		};
		8CFE22CB212ECFD8004AE4E7 /* TestAppTests */ = {
			isa = PBXNativeTarget;
			buildConfigurationList = 8CFE22E3212ECFD8004AE4E7 /* Build configuration list for PBXNativeTarget "TestAppTests" */;
			buildPhases = (
				8CFE22C8212ECFD8004AE4E7 /* Sources */,
				8CFE22C9212ECFD8004AE4E7 /* Frameworks */,
				8CFE22CA212ECFD8004AE4E7 /* Resources */,
			);
			buildRules = (
			);
			dependencies = (
				8CFE22CE212ECFD8004AE4E7 /* PBXTargetDependency */,
			);
			name = TestAppTests;
			productName = TestAppTests;
			productReference = 8CFE22CC212ECFD8004AE4E7 /* TestAppTests.xctest */;
			productType = "com.apple.product-type.bundle.unit-test";
		};
		8CFE22D6212ECFD8004AE4E7 /* TestAppUITests */ = {
			isa = PBXNativeTarget;
			buildConfigurationList = 8CFE22E6212ECFD8004AE4E7 /* Build configuration list for PBXNativeTarget "TestAppUITests" */;
			buildPhases = (
				8CFE22D3212ECFD8004AE4E7 /* Sources */,
				8CFE22D4212ECFD8004AE4E7 /* Frameworks */,
				8CFE22D5212ECFD8004AE4E7 /* Resources */,
			);
			buildRules = (
			);
			dependencies = (
				8CFE22D9212ECFD8004AE4E7 /* PBXTargetDependency */,
			);
			name = TestAppUITests;
			productName = TestAppUITests;
			productReference = 8CFE22D7212ECFD8004AE4E7 /* TestAppUITests.xctest */;
			productType = "com.apple.product-type.bundle.ui-testing";
		};
/* End PBXNativeTarget section */

/* Begin PBXProject section */
		8CFE22B0212ECFD7004AE4E7 /* Project object */ = {
			isa = PBXProject;
			attributes = {
				LastSwiftUpdateCheck = 0940;
				LastUpgradeCheck = 0940;
				ORGANIZATIONNAME = "Atul Yadav";
				TargetAttributes = {
					8CFE22B7212ECFD7004AE4E7 = {
						CreatedOnToolsVersion = 9.4.1;
					};
					8CFE22CB212ECFD8004AE4E7 = {
						CreatedOnToolsVersion = 9.4.1;
						TestTargetID = 8CFE22B7212ECFD7004AE4E7;
					};
					8CFE22D6212ECFD8004AE4E7 = {
						CreatedOnToolsVersion = 9.4.1;
						TestTargetID = 8CFE22B7212ECFD7004AE4E7;
					};
				};
			};
			buildConfigurationList = 8CFE22B3212ECFD7004AE4E7 /* Build configuration list for PBXProject "TestApp" */;
			compatibilityVersion = "Xcode 9.3";
			developmentRegion = en;
			hasScannedForEncodings = 0;
			knownRegions = (
				en,
				Base,
			);
			mainGroup = 8CFE22AF212ECFD7004AE4E7;
			productRefGroup = 8CFE22B9212ECFD7004AE4E7 /* Products */;
			projectDirPath = "";
			projectRoot = "";
			targets = (
				8CFE22B7212ECFD7004AE4E7 /* TestApp */,
				8CFE22CB212ECFD8004AE4E7 /* TestAppTests */,
				8CFE22D6212ECFD8004AE4E7 /* TestAppUITests */,
			);
		};
/* End PBXProject section */

/* Begin PBXResourcesBuildPhase section */
		8CFE22B6212ECFD7004AE4E7 /* Resources */ = {
			isa = PBXResourcesBuildPhase;
			buildActionMask = 2147483647;
			files = (
				8CFE22C6212ECFD8004AE4E7 /* LaunchScreen.storyboard in Resources */,
				8CFE22C3212ECFD8004AE4E7 /* Assets.xcassets in Resources */,
				8CFE22C1212ECFD7004AE4E7 /* Main.storyboard in Resources */,
			);
			runOnlyForDeploymentPostprocessing = 0;
		};
		8CFE22CA212ECFD8004AE4E7 /* Resources */ = {
			isa = PBXResourcesBuildPhase;
			buildActionMask = 2147483647;
			files = (
			);
			runOnlyForDeploymentPostprocessing = 0;
		};
		8CFE22D5212ECFD8004AE4E7 /* Resources */ = {
			isa = PBXResourcesBuildPhase;
			buildActionMask = 2147483647;
			files = (
			);
			runOnlyForDeploymentPostprocessing = 0;
		};
/* End PBXResourcesBuildPhase section */

/* Begin PBXSourcesBuildPhase section */
		8CFE22B4212ECFD7004AE4E7 /* Sources */ = {
			isa = PBXSourcesBuildPhase;
			buildActionMask = 2147483647;
			files = (
				8CFE22BE212ECFD7004AE4E7 /* ViewController.swift in Sources */,
				8CFE22BC212ECFD7004AE4E7 /* AppDelegate.swift in Sources */,
			);
			runOnlyForDeploymentPostprocessing = 0;
		};
		8CFE22C8212ECFD8004AE4E7 /* Sources */ = {
			isa = PBXSourcesBuildPhase;
			buildActionMask = 2147483647;
			files = (
				8CFE22D1212ECFD8004AE4E7 /* TestAppTests.swift in Sources */,
			);
			runOnlyForDeploymentPostprocessing = 0;
		};
		8CFE22D3212ECFD8004AE4E7 /* Sources */ = {
			isa = PBXSourcesBuildPhase;
			buildActionMask = 2147483647;
			files = (
				8CFE22DC212ECFD8004AE4E7 /* TestAppUITests.swift in Sources */,
			);
			runOnlyForDeploymentPostprocessing = 0;
		};
/* End PBXSourcesBuildPhase section */

/* Begin PBXTargetDependency section */
		8CFE22CE212ECFD8004AE4E7 /* PBXTargetDependency */ = {
			isa = PBXTargetDependency;
			target = 8CFE22B7212ECFD7004AE4E7 /* TestApp */;
			targetProxy = 8CFE22CD212ECFD8004AE4E7 /* PBXContainerItemProxy */;
		};
		8CFE22D9212ECFD8004AE4E7 /* PBXTargetDependency */ = {
			isa = PBXTargetDependency;
			target = 8CFE22B7212ECFD7004AE4E7 /* TestApp */;
			targetProxy = 8CFE22D8212ECFD8004AE4E7 /* PBXContainerItemProxy */;
		};
/* End PBXTargetDependency section */

/* Begin PBXVariantGroup section */
		8CFE22BF212ECFD7004AE4E7 /* Main.storyboard */ = {
			isa = PBXVariantGroup;
			children = (
				8CFE22C0212ECFD7004AE4E7 /* Base */,
			);
			name = Main.storyboard;
			sourceTree = "<group>";
		};
		8CFE22C4212ECFD8004AE4E7 /* LaunchScreen.storyboard */ = {
			isa = PBXVariantGroup;
			children = (
				8CFE22C5212ECFD8004AE4E7 /* Base */,
			);
			name = LaunchScreen.storyboard;
			sourceTree = "<group>";
		};
/* End PBXVariantGroup section */

/* Begin XCBuildConfiguration section */
		8CFE22DE212ECFD8004AE4E7 /* Debug */ = {
			isa = XCBuildConfiguration;
			buildSettings = {
				ALWAYS_SEARCH_USER_PATHS = NO;
				CLANG_ANALYZER_NONNULL = YES;
				CLANG_ANALYZER_NUMBER_OBJECT_CONVERSION = YES_AGGRESSIVE;
				CLANG_CXX_LANGUAGE_STANDARD = "gnu++14";
				CLANG_CXX_LIBRARY = "libc++";
				CLANG_ENABLE_MODULES = YES;
				CLANG_ENABLE_OBJC_ARC = YES;
				CLANG_ENABLE_OBJC_WEAK = YES;
				CLANG_WARN_BLOCK_CAPTURE_AUTORELEASING = YES;
				CLANG_WARN_BOOL_CONVERSION = YES;
				CLANG_WARN_COMMA = YES;
				CLANG_WARN_CONSTANT_CONVERSION = YES;
				CLANG_WARN_DEPRECATED_OBJC_IMPLEMENTATIONS = YES;
				CLANG_WARN_DIRECT_OBJC_ISA_USAGE = YES_ERROR;
				CLANG_WARN_DOCUMENTATION_COMMENTS = YES;
				CLANG_WARN_EMPTY_BODY = YES;
				CLANG_WARN_ENUM_CONVERSION = YES;
				CLANG_WARN_INFINITE_RECURSION = YES;
				CLANG_WARN_INT_CONVERSION = YES;
				CLANG_WARN_NON_LITERAL_NULL_CONVERSION = YES;
				CLANG_WARN_OBJC_IMPLICIT_RETAIN_SELF = YES;
				CLANG_WARN_OBJC_LITERAL_CONVERSION = YES;
				CLANG_WARN_OBJC_ROOT_CLASS = YES_ERROR;
				CLANG_WARN_RANGE_LOOP_ANALYSIS = YES;
				CLANG_WARN_STRICT_PROTOTYPES = YES;
				CLANG_WARN_SUSPICIOUS_MOVE = YES;
				CLANG_WARN_UNGUARDED_AVAILABILITY = YES_AGGRESSIVE;
				CLANG_WARN_UNREACHABLE_CODE = YES;
				CLANG_WARN__DUPLICATE_METHOD_MATCH = YES;
				CODE_SIGN_IDENTITY = "iPhone Developer";
				COPY_PHASE_STRIP = NO;
				DEBUG_INFORMATION_FORMAT = dwarf;
				ENABLE_STRICT_OBJC_MSGSEND = YES;
				ENABLE_TESTABILITY = YES;
				GCC_C_LANGUAGE_STANDARD = gnu11;
				GCC_DYNAMIC_NO_PIC = NO;
				GCC_NO_COMMON_BLOCKS = YES;
				GCC_OPTIMIZATION_LEVEL = 0;
				GCC_PREPROCESSOR_DEFINITIONS = (
					"DEBUG=1",
					"$(inherited)",
				);
				GCC_WARN_64_TO_32_BIT_CONVERSION = YES;
				GCC_WARN_ABOUT_RETURN_TYPE = YES_ERROR;
				GCC_WARN_UNDECLARED_SELECTOR = YES;
				GCC_WARN_UNINITIALIZED_AUTOS = YES_AGGRESSIVE;
				GCC_WARN_UNUSED_FUNCTION = YES;
				GCC_WARN_UNUSED_VARIABLE = YES;
				IPHONEOS_DEPLOYMENT_TARGET = 11.4;
				MTL_ENABLE_DEBUG_INFO = YES;
				ONLY_ACTIVE_ARCH = YES;
				SDKROOT = iphoneos;
				SWIFT_ACTIVE_COMPILATION_CONDITIONS = DEBUG;
				SWIFT_OPTIMIZATION_LEVEL = "-Onone";
			};
			name = Debug;
		};
		8CFE22DF212ECFD8004AE4E7 /* Release */ = {
			isa = XCBuildConfiguration;
			buildSettings = {
				ALWAYS_SEARCH_USER_PATHS = NO;
				CLANG_ANALYZER_NONNULL = YES;
				CLANG_ANALYZER_NUMBER_OBJECT_CONVERSION = YES_AGGRESSIVE;
				CLANG_CXX_LANGUAGE_STANDARD = "gnu++14";
				CLANG_CXX_LIBRARY = "libc++";
				CLANG_ENABLE_MODULES = YES;
				CLANG_ENABLE_OBJC_ARC = YES;
				CLANG_ENABLE_OBJC_WEAK = YES;
				CLANG_WARN_BLOCK_CAPTURE_AUTORELEASING = YES;
				CLANG_WARN_BOOL_CONVERSION = YES;
				CLANG_WARN_COMMA = YES;
				CLANG_WARN_CONSTANT_CONVERSION = YES;
				CLANG_WARN_DEPRECATED_OBJC_IMPLEMENTATIONS = YES;
				CLANG_WARN_DIRECT_OBJC_ISA_USAGE = YES_ERROR;
				CLANG_WARN_DOCUMENTATION_COMMENTS = YES;
				CLANG_WARN_EMPTY_BODY = YES;
				CLANG_WARN_ENUM_CONVERSION = YES;
				CLANG_WARN_INFINITE_RECURSION = YES;
				CLANG_WARN_INT_CONVERSION = YES;
				CLANG_WARN_NON_LITERAL_NULL_CONVERSION = YES;
				CLANG_WARN_OBJC_IMPLICIT_RETAIN_SELF = YES;
				CLANG_WARN_OBJC_LITERAL_CONVERSION = YES;
				CLANG_WARN_OBJC_ROOT_CLASS = YES_ERROR;
				CLANG_WARN_RANGE_LOOP_ANALYSIS = YES;
				CLANG_WARN_STRICT_PROTOTYPES = YES;
				CLANG_WARN_SUSPICIOUS_MOVE = YES;
				CLANG_WARN_UNGUARDED_AVAILABILITY = YES_AGGRESSIVE;
				CLANG_WARN_UNREACHABLE_CODE = YES;
				CLANG_WARN__DUPLICATE_METHOD_MATCH = YES;
				CODE_SIGN_IDENTITY = "iPhone Developer";
				COPY_PHASE_STRIP = NO;
				DEBUG_INFORMATION_FORMAT = "dwarf-with-dsym";
				ENABLE_NS_ASSERTIONS = NO;
				ENABLE_STRICT_OBJC_MSGSEND = YES;
				GCC_C_LANGUAGE_STANDARD = gnu11;
				GCC_NO_COMMON_BLOCKS = YES;
				GCC_WARN_64_TO_32_BIT_CONVERSION = YES;
				GCC_WARN_ABOUT_RETURN_TYPE = YES_ERROR;
				GCC_WARN_UNDECLARED_SELECTOR = YES;
				GCC_WARN_UNINITIALIZED_AUTOS = YES_AGGRESSIVE;
				GCC_WARN_UNUSED_FUNCTION = YES;
				GCC_WARN_UNUSED_VARIABLE = YES;
				IPHONEOS_DEPLOYMENT_TARGET = 11.4;
				MTL_ENABLE_DEBUG_INFO = NO;
				SDKROOT = iphoneos;
				SWIFT_COMPILATION_MODE = wholemodule;
				SWIFT_OPTIMIZATION_LEVEL = "-O";
				VALIDATE_PRODUCT = YES;
			};
			name = Release;
		};
		8CFE22E1212ECFD8004AE4E7 /* Debug */ = {
			isa = XCBuildConfiguration;
			buildSettings = {
				ASSETCATALOG_COMPILER_APPICON_NAME = AppIcon;
				CODE_SIGN_STYLE = Automatic;
				INFOPLIST_FILE = TestApp/Info.plist;
				LD_RUNPATH_SEARCH_PATHS = (
					"$(inherited)",
					"@executable_path/Frameworks",
				);
				PRODUCT_BUNDLE_IDENTIFIER = com.sapient.mobile.cargill.TestApp;
				PRODUCT_NAME = "$(TARGET_NAME)";
				SWIFT_VERSION = 4.0;
				TARGETED_DEVICE_FAMILY = "1,2";
			};
			name = Debug;
		};
		8CFE22E2212ECFD8004AE4E7 /* Release */ = {
			isa = XCBuildConfiguration;
			buildSettings = {
				ASSETCATALOG_COMPILER_APPICON_NAME = AppIcon;
				CODE_SIGN_STYLE = Automatic;
				INFOPLIST_FILE = TestApp/Info.plist;
				LD_RUNPATH_SEARCH_PATHS = (
					"$(inherited)",
					"@executable_path/Frameworks",
				);
				PRODUCT_BUNDLE_IDENTIFIER = com.sapient.mobile.cargill.TestApp;
				PRODUCT_NAME = "$(TARGET_NAME)";
				SWIFT_VERSION = 4.0;
				TARGETED_DEVICE_FAMILY = "1,2";
			};
			name = Release;
		};
		8CFE22E4212ECFD8004AE4E7 /* Debug */ = {
			isa = XCBuildConfiguration;
			buildSettings = {
				ALWAYS_EMBED_SWIFT_STANDARD_LIBRARIES = YES;
				BUNDLE_LOADER = "$(TEST_HOST)";
				CODE_SIGN_STYLE = Automatic;
				INFOPLIST_FILE = TestAppTests/Info.plist;
				LD_RUNPATH_SEARCH_PATHS = (
					"$(inherited)",
					"@executable_path/Frameworks",
					"@loader_path/Frameworks",
				);
				PRODUCT_BUNDLE_IDENTIFIER = com.sapient.mobile.cargill.TestAppTests;
				PRODUCT_NAME = "$(TARGET_NAME)";
				SWIFT_VERSION = 4.0;
				TARGETED_DEVICE_FAMILY = "1,2";
				TEST_HOST = "$(BUILT_PRODUCTS_DIR)/TestApp.app/TestApp";
			};
			name = Debug;
		};
		8CFE22E5212ECFD8004AE4E7 /* Release */ = {
			isa = XCBuildConfiguration;
			buildSettings = {
				ALWAYS_EMBED_SWIFT_STANDARD_LIBRARIES = YES;
				BUNDLE_LOADER = "$(TEST_HOST)";
				CODE_SIGN_STYLE = Automatic;
				INFOPLIST_FILE = TestAppTests/Info.plist;
				LD_RUNPATH_SEARCH_PATHS = (
					"$(inherited)",
					"@executable_path/Frameworks",
					"@loader_path/Frameworks",
				);
				PRODUCT_BUNDLE_IDENTIFIER = com.sapient.mobile.cargill.TestAppTests;
				PRODUCT_NAME = "$(TARGET_NAME)";
				SWIFT_VERSION = 4.0;
				TARGETED_DEVICE_FAMILY = "1,2";
				TEST_HOST = "$(BUILT_PRODUCTS_DIR)/TestApp.app/TestApp";
			};
			name = Release;
		};
		8CFE22E7212ECFD8004AE4E7 /* Debug */ = {
			isa = XCBuildConfiguration;
			buildSettings = {
				ALWAYS_EMBED_SWIFT_STANDARD_LIBRARIES = YES;
				CODE_SIGN_STYLE = Automatic;
				INFOPLIST_FILE = TestAppUITests/Info.plist;
				LD_RUNPATH_SEARCH_PATHS = (
					"$(inherited)",
					"@executable_path/Frameworks",
					"@loader_path/Frameworks",
				);
				PRODUCT_BUNDLE_IDENTIFIER = com.sapient.mobile.cargill.TestAppUITests;
				PRODUCT_NAME = "$(TARGET_NAME)";
				SWIFT_VERSION = 4.0;
				TARGETED_DEVICE_FAMILY = "1,2";
				TEST_TARGET_NAME = TestApp;
			};
			name = Debug;
		};
		8CFE22E8212ECFD8004AE4E7 /* Release */ = {
			isa = XCBuildConfiguration;
			buildSettings = {
				ALWAYS_EMBED_SWIFT_STANDARD_LIBRARIES = YES;
				CODE_SIGN_STYLE = Automatic;
				INFOPLIST_FILE = TestAppUITests/Info.plist;
				LD_RUNPATH_SEARCH_PATHS = (
					"$(inherited)",
					"@executable_path/Frameworks",
					"@loader_path/Frameworks",
				);
				PRODUCT_BUNDLE_IDENTIFIER = com.sapient.mobile.cargill.TestAppUITests;
				PRODUCT_NAME = "$(TARGET_NAME)";
				SWIFT_VERSION = 4.0;
				TARGETED_DEVICE_FAMILY = "1,2";
				TEST_TARGET_NAME = TestApp;
			};
			name = Release;
		};
/* End XCBuildConfiguration section */

/* Begin XCConfigurationList section */
		8CFE22B3212ECFD7004AE4E7 /* Build configuration list for PBXProject "TestApp" */ = {
			isa = XCConfigurationList;
			buildConfigurations = (
				8CFE22DE212ECFD8004AE4E7 /* Debug */,
				8CFE22DF212ECFD8004AE4E7 /* Release */,
			);
			defaultConfigurationIsVisible = 0;
			defaultConfigurationName = Release;
		};
		8CFE22E0212ECFD8004AE4E7 /* Build configuration list for PBXNativeTarget "TestApp" */ = {
			isa = XCConfigurationList;
			buildConfigurations = (
				8CFE22E1212ECFD8004AE4E7 /* Debug */,
				8CFE22E2212ECFD8004AE4E7 /* Release */,
			);
			defaultConfigurationIsVisible = 0;
			defaultConfigurationName = Release;
		};
		8CFE22E3212ECFD8004AE4E7 /* Build configuration list for PBXNativeTarget "TestAppTests" */ = {
			isa = XCConfigurationList;
			buildConfigurations = (
				8CFE22E4212ECFD8004AE4E7 /* Debug */,
				8CFE22E5212ECFD8004AE4E7 /* Release */,
			);
			defaultConfigurationIsVisible = 0;
			defaultConfigurationName = Release;
		};
		8CFE22E6212ECFD8004AE4E7 /* Build configuration list for PBXNativeTarget "TestAppUITests" */ = {
			isa = XCConfigurationList;
			buildConfigurations = (
				8CFE22E7212ECFD8004AE4E7 /* Debug */,
				8CFE22E8212ECFD8004AE4E7 /* Release */,
			);
			defaultConfigurationIsVisible = 0;
			defaultConfigurationName = Release;
		};
/* End XCConfigurationList section */
	};
	rootObject = 8CFE22B0212ECFD7004AE4E7 /* Project object */;
}
